
Microsoft Visual Studio Solution File, Format Version 12.00
# Visual Studio Version 17
VisualStudioVersion = 17.14.36623.8
MinimumVisualStudioVersion = 10.0.40219.1
Project("{FAE04EC0-301F-11D3-BF4B-00C04F79EFBC}") = "HyggeLang", "HyggeLang\HyggeLang.csproj", "{19345A8B-5A3C-4418-9876-46F18B7B4E70}"
EndProject
Project("{FAE04EC0-301F-11D3-BF4B-00C04F79EFBC}") = "Tools", "Tools\Tools.csproj", "{AF2DA100-5E95-428D-87A0-033E8D194872}"
EndProject
Global
	GlobalSection(SolutionConfigurationPlatforms) = preSolution
		Debug|Any CPU = Debug|Any CPU
		Release|Any CPU = Release|Any CPU
	EndGlobalSection
	GlobalSection(ProjectConfigurationPlatforms) = postSolution
		{19345A8B-5A3C-4418-9876-46F18B7B4E70}.Debug|Any CPU.ActiveCfg = Debug|Any CPU
		{19345A8B-5A3C-4418-9876-46F18B7B4E70}.Debug|Any CPU.Build.0 = Debug|Any CPU
		{19345A8B-5A3C-4418-9876-46F18B7B4E70}.Release|Any CPU.ActiveCfg = Release|Any CPU
		{19345A8B-5A3C-4418-9876-46F18B7B4E70}.Release|Any CPU.Build.0 = Release|Any CPU
		{AF2DA100-5E95-428D-87A0-033E8D194872}.Debug|Any CPU.ActiveCfg = Debug|Any CPU
		{AF2DA100-5E95-428D-87A0-033E8D194872}.Debug|Any CPU.Build.0 = Debug|Any CPU
		{AF2DA100-5E95-428D-87A0-033E8D194872}.Release|Any CPU.ActiveCfg = Release|Any CPU
		{AF2DA100-5E95-428D-87A0-033E8D194872}.Release|Any CPU.Build.0 = Release|Any CPU
	EndGlobalSection
	GlobalSection(SolutionProperties) = preSolution
		HideSolutionNode = FALSE
	EndGlobalSection
	GlobalSection(ExtensibilityGlobals) = postSolution
		SolutionGuid = {3CAC63C8-49E9-435E-B40C-8B3512F1C265}
	EndGlobalSection
EndGlobal
